{
  "nodes": {
    "base16": {
      "inputs": {
        "fromYaml": "fromYaml"
      },
      "locked": {
        "lastModified": 1755819240,
        "narHash": "sha256-qcMhnL7aGAuFuutH4rq9fvAhCpJWVHLcHVZLtPctPlo=",
        "owner": "SenchoPens",
        "repo": "base16.nix",
        "rev": "75ed5e5e3fce37df22e49125181fa37899c3ccd6",
        "type": "github"
      },
      "original": {
        "owner": "SenchoPens",
        "repo": "base16.nix",
        "type": "github"
      }
    },
    "base16-fish": {
      "flake": false,
      "locked": {
        "lastModified": 1765809053,
        "narHash": "sha256-XCUQLoLfBJ8saWms2HCIj4NEN+xNsWBlU1NrEPcQG4s=",
        "owner": "tomyun",
        "repo": "base16-fish",
        "rev": "86cbea4dca62e08fb7fd83a70e96472f92574782",
        "type": "github"
      },
      "original": {
        "owner": "tomyun",
        "repo": "base16-fish",
        "rev": "86cbea4dca62e08fb7fd83a70e96472f92574782",
        "type": "github"
      }
    },
    "base16-helix": {
      "flake": false,
      "locked": {
        "lastModified": 1760703920,
        "narHash": "sha256-m82fGUYns4uHd+ZTdoLX2vlHikzwzdu2s2rYM2bNwzw=",
        "owner": "tinted-theming",
        "repo": "base16-helix",
        "rev": "d646af9b7d14bff08824538164af99d0c521b185",
        "type": "github"
      },
      "original": {
        "owner": "tinted-theming",
        "repo": "base16-helix",
        "type": "github"
      }
    },
    "base16-vim": {
      "flake": false,
      "locked": {
        "lastModified": 1732806396,
        "narHash": "sha256-e0bpPySdJf0F68Ndanwm+KWHgQiZ0s7liLhvJSWDNsA=",
        "owner": "tinted-theming",
        "repo": "base16-vim",
        "rev": "577fe8125d74ff456cf942c733a85d769afe58b7",
        "type": "github"
      },
      "original": {
        "owner": "tinted-theming",
        "repo": "base16-vim",
        "rev": "577fe8125d74ff456cf942c733a85d769afe58b7",
        "type": "github"
      }
    },
    "claude-code-nix": {
      "inputs": {
        "flake-utils": [
          "flake-utils"
        ],
        "nixpkgs": [
          "nixpkgs"
        ]
      },
      "locked": {
        "lastModified": 1777126457,
        "narHash": "sha256-jE5KMGZc9p2H86gCi38o2H3loV/OwICJVa8YbDmpDyg=",
        "owner": "sadjow",
        "repo": "claude-code-nix",
        "rev": "002de6e1b2d10f4646c68af360d9dc92b89a6be9",
        "type": "github"
      },
      "original": {
        "owner": "sadjow",
        "repo": "claude-code-nix",
        "type": "github"
      }
    },
    "codex-cli-nix": {
      "inputs": {
        "flake-utils": [
          "flake-utils"
        ],
        "nixpkgs": [
          "nixpkgs"
        ]
      },
      "locked": {
        "lastModified": 1773944613,
        "narHash": "sha256-YPgI5DAfcwcWOjHGERsTha/SuuRt7l+oOTGT94G643s=",
        "owner": "sadjow",
        "repo": "codex-cli-nix",
        "rev": "7937d799ae69e7ded828b8aef5d26e89fbbc817f",
        "type": "github"
      },
      "original": {
        "owner": "sadjow",
        "repo": "codex-cli-nix",
        "type": "github"
      }
    },
    "disko": {
      "inputs": {
        "nixpkgs": [
          "nixpkgs"
        ]
      },
      "locked": {
        "lastModified": 1766150702,
        "narHash": "sha256-P0kM+5o+DKnB6raXgFEk3azw8Wqg5FL6wyl9jD+G5a4=",
        "owner": "nix-community",
        "repo": "disko",
        "rev": "916506443ecd0d0b4a0f4cf9d40a3c22ce39b378",
        "type": "github"
      },
      "original": {
        "owner": "nix-community",
        "repo": "disko",
        "type": "github"
      }
    },
    "elephant": {
      "inputs": {
        "nixpkgs": [
          "omarchy",
          "nixpkgs"
        ],
        "systems": [
          "omarchy",
          "systems"
        ]
      },
      "locked": {
        "lastModified": 1772866605,
        "narHash": "sha256-r2ucLztXQFRu70VrGtNcL3PONyazxDPwq/hSn7opD+I=",
        "owner": "abenz1267",
        "repo": "elephant",
        "rev": "1a52df65c679d17f9889abeb5593aa7ffc40f681",
        "type": "github"
      },
      "original": {
        "owner": "abenz1267",
        "ref": "2.0.0",
        "repo": "elephant",
        "type": "github"
      }
    },
    "firefox-gnome-theme": {
      "flake": false,
      "locked": {
        "lastModified": 1764873433,
        "narHash": "sha256-1XPewtGMi+9wN9Ispoluxunw/RwozuTRVuuQOmxzt+A=",
        "owner": "rafaelmardojai",
        "repo": "firefox-gnome-theme",
        "rev": "f7ffd917ac0d253dbd6a3bf3da06888f57c69f92",
        "type": "github"
      },
      "original": {
        "owner": "rafaelmardojai",
        "repo": "firefox-gnome-theme",
        "type": "github"
      }
    },
    "flake-compat": {
      "flake": false,
      "locked": {
        "lastModified": 1767039857,
        "narHash": "sha256-vNpUSpF5Nuw8xvDLj2KCwwksIbjua2LZCqhV1LNRDns=",
        "owner": "edolstra",
        "repo": "flake-compat",
        "rev": "5edf11c44bc78a0d334f6334cdaf7d60d732daab",
        "type": "github"
      },
      "original": {
        "owner": "edolstra",
        "repo": "flake-compat",
        "type": "github"
      }
    },
    "flake-parts": {
      "inputs": {
        "nixpkgs-lib": "nixpkgs-lib"
      },
      "locked": {
        "lastModified": 1768135262,
        "narHash": "sha256-PVvu7OqHBGWN16zSi6tEmPwwHQ4rLPU9Plvs8/1TUBY=",
        "owner": "hercules-ci",
        "repo": "flake-parts",
        "rev": "80daad04eddbbf5a4d883996a73f3f542fa437ac",
        "type": "github"
      },
      "original": {
        "owner": "hercules-ci",
        "repo": "flake-parts",
        "type": "github"
      }
    },
    "flake-parts_2": {
      "inputs": {
        "nixpkgs-lib": [
          "nvim",
          "nixPatch",
          "neovim-nightly-overlay",
          "nixpkgs"
        ]
      },
      "locked": {
        "lastModified": 1765835352,
        "narHash": "sha256-XswHlK/Qtjasvhd1nOa1e8MgZ8GS//jBoTqWtrS1Giw=",
        "owner": "hercules-ci",
        "repo": "flake-parts",
        "rev": "a34fae9c08a15ad73f295041fec82323541400a9",
        "type": "github"
      },
      "original": {
        "owner": "hercules-ci",
        "repo": "flake-parts",
        "type": "github"
      }
    },
    "flake-parts_3": {
      "inputs": {
        "nixpkgs-lib": [
          "stylix",
          "nixpkgs"
        ]
      },
      "locked": {
        "lastModified": 1767609335,
        "narHash": "sha256-feveD98mQpptwrAEggBQKJTYbvwwglSbOv53uCfH9PY=",
        "owner": "hercules-ci",
        "repo": "flake-parts",
        "rev": "250481aafeb741edfe23d29195671c19b36b6dca",
        "type": "github"
      },
      "original": {
        "owner": "hercules-ci",
        "repo": "flake-parts",
        "type": "github"
      }
    },
    "flake-utils": {
      "inputs": {
        "systems": [
          "systems"
        ]
      },
      "locked": {
        "lastModified": 1731533236,
        "narHash": "sha256-l0KFg5HjrsfsO/JpG+r7fRrqm12kzFHyUHqHCVpMMbI=",
        "owner": "numtide",
        "repo": "flake-utils",
        "rev": "11707dc2f618dd54ca8739b309ec4fc024de578b",
        "type": "github"
      },
      "original": {
        "owner": "numtide",
        "repo": "flake-utils",
        "type": "github"
      }
    },
    "fleet": {
      "inputs": {
        "nixpkgs": [
          "nixpkgs"
        ]
      },
      "locked": {
        "lastModified": 1769212616,
        "narHash": "sha256-0ddBtAOipWkPAzWgEFpkO/EPm9ZIykJhgvR9ilm1DiM=",
        "owner": "codingismy11to7",
        "repo": "fleetdm-nix",
        "rev": "1b9204e49c73a1095326765e1b96e05dfa619a39",
        "type": "github"
      },
      "original": {
        "owner": "codingismy11to7",
        "repo": "fleetdm-nix",
        "type": "github"
      }
    },
    "fromYaml": {
      "flake": false,
      "locked": {
        "lastModified": 1731966426,
        "narHash": "sha256-lq95WydhbUTWig/JpqiB7oViTcHFP8Lv41IGtayokA8=",
        "owner": "SenchoPens",
        "repo": "fromYaml",
        "rev": "106af9e2f715e2d828df706c386a685698f3223b",
        "type": "github"
      },
      "original": {
        "owner": "SenchoPens",
        "repo": "fromYaml",
        "type": "github"
      }
    },
    "gnome-shell": {
      "flake": false,
      "locked": {
        "host": "gitlab.gnome.org",
        "lastModified": 1767737596,
        "narHash": "sha256-eFujfIUQDgWnSJBablOuG+32hCai192yRdrNHTv0a+s=",
        "owner": "GNOME",
        "repo": "gnome-shell",
        "rev": "ef02db02bf0ff342734d525b5767814770d85b49",
        "type": "gitlab"
      },
      "original": {
        "host": "gitlab.gnome.org",
        "owner": "GNOME",
        "ref": "gnome-49",
        "repo": "gnome-shell",
        "type": "gitlab"
      }
    },
    "home-manager": {
      "inputs": {
        "nixpkgs": [
          "nixpkgs"
        ]
      },
      "locked": {
        "lastModified": 1768949235,
        "narHash": "sha256-TtjKgXyg1lMfh374w5uxutd6Vx2P/hU81aEhTxrO2cg=",
        "owner": "nix-community",
        "repo": "home-manager",
        "rev": "75ed713570ca17427119e7e204ab3590cc3bf2a5",
        "type": "github"
      },
      "original": {
        "owner": "nix-community",
        "ref": "release-25.11",
        "repo": "home-manager",
        "type": "github"
      }
    },
    "hyprland-preview-share-picker": {
      "inputs": {
        "flake-utils": [
          "omarchy",
          "flake-utils"
        ],
        "hyprland-protocols": "hyprland-protocols",
        "nixpkgs": "nixpkgs_2"
      },
      "locked": {
        "lastModified": 1768023313,
        "narHash": "sha256-acD6lKwVC3GX/ky+XpNflWsrnxIxIH/2zRDdCQO0Bmo=",
        "owner": "codingismy11to7",
        "repo": "hyprland-preview-share-picker",
        "rev": "ede3439b12dfb98b950646c3d891e00e95769cdb",
        "type": "github"
      },
      "original": {
        "owner": "codingismy11to7",
        "ref": "nix",
        "repo": "hyprland-preview-share-picker",
        "type": "github"
      }
    },
    "hyprland-protocols": {
      "flake": false,
      "locked": {
        "lastModified": 1743714874,
        "narHash": "sha256-yt8F7NhMFCFHUHy/lNjH/pjZyIDFNk52Q4tivQ31WFo=",
        "owner": "hyprwm",
        "repo": "hyprland-protocols",
        "rev": "3a5c2bda1c1a4e55cc1330c782547695a93f05b2",
        "type": "github"
      },
      "original": {
        "owner": "hyprwm",
        "repo": "hyprland-protocols",
        "rev": "3a5c2bda1c1a4e55cc1330c782547695a93f05b2",
        "type": "github"
      }
    },
    "neovim-nightly-overlay": {
      "inputs": {
        "flake-parts": "flake-parts_2",
        "neovim-src": "neovim-src",
        "nixpkgs": [
          "nvim",
          "nixPatch",
          "nixpkgs"
        ]
      },
      "locked": {
        "lastModified": 1767398712,
        "narHash": "sha256-kISX2IOmbk+A0xfGsO/ZN8d0QZiL0+PRKdiGM+Uh1Ok=",
        "owner": "nix-community",
        "repo": "neovim-nightly-overlay",
        "rev": "519c66e44d81e2a752759d60320dbd6f06c14437",
        "type": "github"
      },
      "original": {
        "owner": "nix-community",
        "repo": "neovim-nightly-overlay",
        "type": "github"
      }
    },
    "neovim-src": {
      "flake": false,
      "locked": {
        "lastModified": 1767367892,
        "narHash": "sha256-hqHV3mZp3HBpSwIMQLEP24PkRMwd9Ol6ZDtORuryciM=",
        "owner": "neovim",
        "repo": "neovim",
        "rev": "067b5743f543798f4e58003816fc930f4106c2b0",
        "type": "github"
      },
      "original": {
        "owner": "neovim",
        "repo": "neovim",
        "type": "github"
      }
    },
    "nix-flatpak": {
      "locked": {
        "lastModified": 1768656715,
        "narHash": "sha256-Sbh037scxKFm7xL0ahgSCw+X2/5ZKeOwI2clqrYr9j4=",
        "owner": "gmodena",
        "repo": "nix-flatpak",
        "rev": "123fe29340a5b8671367055b75a6e7c320d6f89a",
        "type": "github"
      },
      "original": {
        "owner": "gmodena",
        "repo": "nix-flatpak",
        "type": "github"
      }
    },
    "nixPatch": {
      "inputs": {
        "neovim-nightly-overlay": "neovim-nightly-overlay",
        "nixpkgs": [
          "nvim",
          "nixpkgs"
        ]
      },
      "locked": {
        "lastModified": 1767402313,
        "narHash": "sha256-oC/rsIMcxRksoxx2QxYukCB73g0jL2mE3OObnelsZD0=",
        "ref": "refs/heads/main",
        "rev": "6d2b51c24b34a85aeeb41b11fee10316d6abf12a",
        "revCount": 180,
        "type": "git",
        "url": "https://codeberg.org/NicoElbers/nixPatch-nvim.git"
      },
      "original": {
        "type": "git",
        "url": "https://codeberg.org/NicoElbers/nixPatch-nvim.git"
      }
    },
    "nixos-wsl": {
      "inputs": {
        "flake-compat": "flake-compat",
        "nixpkgs": [
          "nixpkgs"
        ]
      },
      "locked": {
        "lastModified": 1769217863,
        "narHash": "sha256-RY9kJDXD6+2Td/59LkZ0PFSereCXHdBX9wIkbYjRKCY=",
        "owner": "nix-community",
        "repo": "NixOS-WSL",
        "rev": "38a5250e57f583662eac3b944830e4b9e169e965",
        "type": "github"
      },
      "original": {
        "owner": "nix-community",
        "repo": "NixOS-WSL",
        "type": "github"
      }
    },
    "nixpkgs": {
      "locked": {
        "lastModified": 1777560654,
        "narHash": "sha256-ag+TnfQmMTdkU4lQPS6nZzpqHsWAlsQsLCv/1iA6GWg=",
        "owner": "nixos",
        "repo": "nixpkgs",
        "rev": "5a9c58fc6ac2ec48bf9cf4c07de27f912b1ed1cc",
        "type": "github"
      },
      "original": {
        "owner": "nixos",
        "ref": "release-25.11",
        "repo": "nixpkgs",
        "type": "github"
      }
    },
    "nixpkgs-lib": {
      "locked": {
        "lastModified": 1765674936,
        "narHash": "sha256-k00uTP4JNfmejrCLJOwdObYC9jHRrr/5M/a/8L2EIdo=",
        "owner": "nix-community",
        "repo": "nixpkgs.lib",
        "rev": "2075416fcb47225d9b68ac469a5c4801a9c4dd85",
        "type": "github"
      },
      "original": {
        "owner": "nix-community",
        "repo": "nixpkgs.lib",
        "type": "github"
      }
    },
    "nixpkgs-unstable": {
      "locked": {
        "lastModified": 1777268161,
        "narHash": "sha256-bxrdOn8SCOv8tN4JbTF/TXq7kjo9ag4M+C8yzzIRYbE=",
        "owner": "nixos",
        "repo": "nixpkgs",
        "rev": "1c3fe55ad329cbcb28471bb30f05c9827f724c76",
        "type": "github"
      },
      "original": {
        "owner": "nixos",
        "ref": "nixos-unstable",
        "repo": "nixpkgs",
        "type": "github"
      }
    },
    "nixpkgs_2": {
      "locked": {
        "lastModified": 1767892417,
        "narHash": "sha256-dhhvQY67aboBk8b0/u0XB6vwHdgbROZT3fJAjyNh5Ww=",
        "owner": "NixOS",
        "repo": "nixpkgs",
        "rev": "3497aa5c9457a9d88d71fa93a4a8368816fbeeba",
        "type": "github"
      },
      "original": {
        "owner": "NixOS",
        "ref": "nixos-unstable",
        "repo": "nixpkgs",
        "type": "github"
      }
    },
    "nixpkgs_3": {
      "locked": {
        "lastModified": 1737632463,
        "narHash": "sha256-38J9QfeGSej341ouwzqf77WIHAScihAKCt8PQJ+NH28=",
        "owner": "NixOS",
        "repo": "nixpkgs",
        "rev": "0aa475546ed21629c4f5bbf90e38c846a99ec9e9",
        "type": "github"
      },
      "original": {
        "owner": "NixOS",
        "ref": "nixos-unstable",
        "repo": "nixpkgs",
        "type": "github"
      }
    },
    "nur": {
      "inputs": {
        "flake-parts": [
          "stylix",
          "flake-parts"
        ],
        "nixpkgs": [
          "stylix",
          "nixpkgs"
        ]
      },
      "locked": {
        "lastModified": 1767886815,
        "narHash": "sha256-pB2BBv6X9cVGydEV/9Y8+uGCvuYJAlsprs1v1QHjccA=",
        "owner": "nix-community",
        "repo": "NUR",
        "rev": "4ff84374d77ff62e2e13a46c33bfeb73590f9fef",
        "type": "github"
      },
      "original": {
        "owner": "nix-community",
        "repo": "NUR",
        "type": "github"
      }
    },
    "nvim": {
      "inputs": {
        "nixPatch": "nixPatch",
        "nixpkgs": [
          "nixpkgs-unstable"
        ]
      },
      "locked": {
        "lastModified": 1777644747,
        "narHash": "sha256-OZFczDqVjKRLvigypu7A9zYvTjXy1vmQwehn1Wpr0LI=",
        "owner": "codingismy11to7",
        "repo": "nvim",
        "rev": "8e75b00e7e00c90b841d5818e31a9c3cfbec2b47",
        "type": "github"
      },
      "original": {
        "owner": "codingismy11to7",
        "repo": "nvim",
        "type": "github"
      }
    },
    "omarchy": {
      "inputs": {
        "claude-code-nix": [
          "claude-code-nix"
        ],
        "codex-cli-nix": [
          "codex-cli-nix"
        ],
        "elephant": "elephant",
        "flake-parts": [
          "flake-parts"
        ],
        "flake-utils": [
          "flake-utils"
        ],
        "home-manager": [
          "home-manager"
        ],
        "hyprland-preview-share-picker": "hyprland-preview-share-picker",
        "nixpkgs": [
          "nixpkgs"
        ],
        "systems": [
          "systems"
        ],
        "terminaltexteffects": "terminaltexteffects",
        "voxtype": "voxtype",
        "walker": "walker"
      },
      "locked": {
        "lastModified": 1774972415,
        "narHash": "sha256-VoFHkqLSxJSsNS4DxtqgDozZOXCdCc4xCuOej/6fAZU=",
        "owner": "codingismy11to7",
        "repo": "omarchy",
        "rev": "33b8a21193963d6bec12356c327a0478157d43ad",
        "type": "github"
      },
      "original": {
        "owner": "codingismy11to7",
        "repo": "omarchy",
        "type": "github"
      }
    },
    "root": {
      "inputs": {
        "claude-code-nix": "claude-code-nix",
        "codex-cli-nix": "codex-cli-nix",
        "disko": "disko",
        "flake-parts": "flake-parts",
        "flake-utils": "flake-utils",
        "fleet": "fleet",
        "home-manager": "home-manager",
        "nix-flatpak": "nix-flatpak",
        "nixos-wsl": "nixos-wsl",
        "nixpkgs": "nixpkgs",
        "nixpkgs-unstable": "nixpkgs-unstable",
        "nvim": "nvim",
        "omarchy": "omarchy",
        "secrets": "secrets",
        "sentinelone": "sentinelone",
        "stylix": "stylix",
        "systems": "systems_2"
      }
    },
    "secrets": {
      "inputs": {
        "flake-parts": [
          "flake-parts"
        ],
        "nixpkgs": [
          "nixpkgs"
        ],
        "sops-nix": "sops-nix",
        "systems": [
          "systems"
        ],
        "terminaltexteffects": "terminaltexteffects_2"
      },
      "locked": {
        "lastModified": 1773359323,
        "narHash": "sha256-9fMA0EQB+brOEmrneA9YEYAg6tsUbm5irr88BNEgboY=",
        "owner": "codingismy11to7",
        "repo": "secrets",
        "rev": "3bf8532ab783ba078663c62c5a59530c9ef19824",
        "type": "github"
      },
      "original": {
        "owner": "codingismy11to7",
        "repo": "secrets",
        "type": "github"
      }
    },
    "sentinelone": {
      "inputs": {
        "flake-parts": [
          "flake-parts"
        ],
        "nixpkgs": "nixpkgs_3",
        "treefmt-nix": "treefmt-nix"
      },
      "locked": {
        "lastModified": 1769208790,
        "narHash": "sha256-BZSz8vXHwT046sWus/mE+N5RTvXPDNg2rBccd0YmjFQ=",
        "owner": "codingismy11to7",
        "repo": "sentinelone-nix",
        "rev": "091cf26744321e67523c1a0ae1d2dd906dc8c0b6",
        "type": "github"
      },
      "original": {
        "owner": "codingismy11to7",
        "repo": "sentinelone-nix",
        "type": "github"
      }
    },
    "sops-nix": {
      "inputs": {
        "nixpkgs": [
          "secrets",
          "nixpkgs"
        ]
      },
      "locked": {
        "lastModified": 1768709255,
        "narHash": "sha256-aigyBfxI20FRtqajVMYXHtj5gHXENY2gLAXEhfJ8/WM=",
        "owner": "Mic92",
        "repo": "sops-nix",
        "rev": "5e8fae80726b66e9fec023d21cd3b3e638597aa9",
        "type": "github"
      },
      "original": {
        "owner": "Mic92",
        "repo": "sops-nix",
        "type": "github"
      }
    },
    "stylix": {
      "inputs": {
        "base16": "base16",
        "base16-fish": "base16-fish",
        "base16-helix": "base16-helix",
        "base16-vim": "base16-vim",
        "firefox-gnome-theme": "firefox-gnome-theme",
        "flake-parts": "flake-parts_3",
        "gnome-shell": "gnome-shell",
        "nixpkgs": [
          "nixpkgs"
        ],
        "nur": "nur",
        "systems": "systems",
        "tinted-foot": "tinted-foot",
        "tinted-kitty": "tinted-kitty",
        "tinted-schemes": "tinted-schemes",
        "tinted-tmux": "tinted-tmux",
        "tinted-zed": "tinted-zed"
      },
      "locked": {
        "lastModified": 1769202415,
        "narHash": "sha256-6XUTQjam/xLFGeJFj9XCo+12XSxd2iBxkAdLe6IJqiw=",
        "owner": "danth",
        "repo": "stylix",
        "rev": "296aa01b461af5146612cd26cc115c1d3e5ed4ae",
        "type": "github"
      },
      "original": {
        "owner": "danth",
        "ref": "release-25.11",
        "repo": "stylix",
        "type": "github"
      }
    },
    "systems": {
      "locked": {
        "lastModified": 1681028828,
        "narHash": "sha256-Vy1rq5AaRuLzOxct8nz4T6wlgyUR7zLU309k9mBC768=",
        "owner": "nix-systems",
        "repo": "default",
        "rev": "da67096a3b9bf56a91d16901293e51ba5b49a27e",
        "type": "github"
      },
      "original": {
        "owner": "nix-systems",
        "repo": "default",
        "type": "github"
      }
    },
    "systems_2": {
      "locked": {
        "lastModified": 1689347949,
        "narHash": "sha256-12tWmuL2zgBgZkdoB6qXZsgJEH9LR3oUgpaQq2RbI80=",
        "owner": "nix-systems",
        "repo": "default-linux",
        "rev": "31732fcf5e8fea42e59c2488ad31a0e651500f68",
        "type": "github"
      },
      "original": {
        "owner": "nix-systems",
        "repo": "default-linux",
        "type": "github"
      }
    },
    "terminaltexteffects": {
      "inputs": {
        "nixpkgs": [
          "omarchy",
          "nixpkgs"
        ],
        "systems": [
          "omarchy",
          "systems"
        ]
      },
      "locked": {
        "lastModified": 1768836258,
        "narHash": "sha256-b5k3u5HvHVMYG9qpnEXtJfp18FNfHAFcFwxWNwKHc4w=",
        "owner": "ChrisBuilds",
        "repo": "terminaltexteffects",
        "rev": "7760ef2d47a6ecd2b8087cf5a7970b52058eead5",
        "type": "github"
      },
      "original": {
        "owner": "ChrisBuilds",
        "repo": "terminaltexteffects",
        "type": "github"
      }
    },
    "terminaltexteffects_2": {
      "inputs": {
        "nixpkgs": [
          "secrets",
          "nixpkgs"
        ],
        "systems": [
          "secrets",
          "systems"
        ]
      },
      "locked": {
        "lastModified": 1768836258,
        "narHash": "sha256-b5k3u5HvHVMYG9qpnEXtJfp18FNfHAFcFwxWNwKHc4w=",
        "owner": "ChrisBuilds",
        "repo": "terminaltexteffects",
        "rev": "7760ef2d47a6ecd2b8087cf5a7970b52058eead5",
        "type": "github"
      },
      "original": {
        "owner": "ChrisBuilds",
        "repo": "terminaltexteffects",
        "type": "github"
      }
    },
    "tinted-foot": {
      "flake": false,
      "locked": {
        "lastModified": 1726913040,
        "narHash": "sha256-+eDZPkw7efMNUf3/Pv0EmsidqdwNJ1TaOum6k7lngDQ=",
        "owner": "tinted-theming",
        "repo": "tinted-foot",
        "rev": "fd1b924b6c45c3e4465e8a849e67ea82933fcbe4",
        "type": "github"
      },
      "original": {
        "owner": "tinted-theming",
        "repo": "tinted-foot",
        "rev": "fd1b924b6c45c3e4465e8a849e67ea82933fcbe4",
        "type": "github"
      }
    },
    "tinted-kitty": {
      "flake": false,
      "locked": {
        "lastModified": 1735730497,
        "narHash": "sha256-4KtB+FiUzIeK/4aHCKce3V9HwRvYaxX+F1edUrfgzb8=",
        "owner": "tinted-theming",
        "repo": "tinted-kitty",
        "rev": "de6f888497f2c6b2279361bfc790f164bfd0f3fa",
        "type": "github"
      },
      "original": {
        "owner": "tinted-theming",
        "repo": "tinted-kitty",
        "type": "github"
      }
    },
    "tinted-schemes": {
      "flake": false,
      "locked": {
        "lastModified": 1767817087,
        "narHash": "sha256-eGE8OYoK6HzhJt/7bOiNV2cx01IdIrHL7gXgjkHRdNo=",
        "owner": "tinted-theming",
        "repo": "schemes",
        "rev": "bd99656235aab343e3d597bf196df9bc67429507",
        "type": "github"
      },
      "original": {
        "owner": "tinted-theming",
        "repo": "schemes",
        "type": "github"
      }
    },
    "tinted-tmux": {
      "flake": false,
      "locked": {
        "lastModified": 1767489635,
        "narHash": "sha256-e6nnFnWXKBCJjCv4QG4bbcouJ6y3yeT70V9MofL32lU=",
        "owner": "tinted-theming",
        "repo": "tinted-tmux",
        "rev": "3c32729ccae99be44fe8a125d20be06f8d7d8184",
        "type": "github"
      },
      "original": {
        "owner": "tinted-theming",
        "repo": "tinted-tmux",
        "type": "github"
      }
    },
    "tinted-zed": {
      "flake": false,
      "locked": {
        "lastModified": 1767488740,
        "narHash": "sha256-wVOj0qyil8m+ouSsVZcNjl5ZR+1GdOOAooAatQXHbuU=",
        "owner": "tinted-theming",
        "repo": "base16-zed",
        "rev": "11abb0b282ad3786a2aae088d3a01c60916f2e40",
        "type": "github"
      },
      "original": {
        "owner": "tinted-theming",
        "repo": "base16-zed",
        "type": "github"
      }
    },
    "treefmt-nix": {
      "inputs": {
        "nixpkgs": [
          "sentinelone",
          "nixpkgs"
        ]
      },
      "locked": {
        "lastModified": 1737483750,
        "narHash": "sha256-5An1wq5U8sNycOBBg3nsDDgpwBmR9liOpDGlhliA6Xo=",
        "owner": "numtide",
        "repo": "treefmt-nix",
        "rev": "f2cc121df15418d028a59c9737d38e3a90fbaf8f",
        "type": "github"
      },
      "original": {
        "owner": "numtide",
        "repo": "treefmt-nix",
        "type": "github"
      }
    },
    "voxtype": {
      "inputs": {
        "flake-utils": [
          "omarchy",
          "flake-utils"
        ],
        "nixpkgs": [
          "omarchy",
          "nixpkgs"
        ]
      },
      "locked": {
        "lastModified": 1769105117,
        "narHash": "sha256-9hBSeT2jmF3bTbv6mbnpzaWF/ETGOjV+NKH3ChEUM4A=",
        "owner": "peteonrails",
        "repo": "voxtype",
        "rev": "cdb71f99502c0c8ef0560e86e110c8151804e1ae",
        "type": "github"
      },
      "original": {
        "owner": "peteonrails",
        "repo": "voxtype",
        "type": "github"
      }
    },
    "walker": {
      "inputs": {
        "elephant": [
          "omarchy",
          "elephant"
        ],
        "nixpkgs": [
          "omarchy",
          "nixpkgs"
        ],
        "systems": [
          "omarchy",
          "systems"
        ]
      },
      "locked": {
        "lastModified": 1772989649,
        "narHash": "sha256-8ybD6u78Em3Vbm+yFNa4mCxSDjr047Twcwo4jEz+3Uo=",
        "owner": "abenz1267",
        "repo": "walker",
        "rev": "e840b672c353f5bf45a7dec7d62f88cbc337ae9c",
        "type": "github"
      },
      "original": {
        "owner": "abenz1267",
        "ref": "2.0.0",
        "repo": "walker",
        "type": "github"
      }
    }
  },
  "root": "root",
  "version": 7
}
